
Microsoft Visual Studio Solution File, Format Version 12.00
# Visual Studio Version 16
VisualStudioVersion = 16.0.32228.343
MinimumVisualStudioVersion = 10.0.40219.1
Project("{FAE04EC0-301F-11D3-BF4B-00C04F79EFBC}") = "ApiGateway", "ApiGateway\ApiGateway.csproj", "{75BE738C-31AD-4064-A8BA-BEE84E738783}"
EndProject
Project("{2150E333-8FDC-42A3-9474-1A3956D46DE8}") = "Service", "Service", "{EA39CE7E-94A6-4253-B22F-B626FDAF8E9B}"
EndProject
Project("{FAE04EC0-301F-11D3-BF4B-00C04F79EFBC}") = "ApiProduct", "ApiProduct\ApiProduct.csproj", "{4D7F8515-EFA9-4721-935F-865F7FE21BA0}"
EndProject
Project("{FAE04EC0-301F-11D3-BF4B-00C04F79EFBC}") = "ApiCustomer", "ApiCustomer\ApiCustomer.csproj", "{E9B8D10F-C5E8-42A5-B7D2-6934A3D8BCCD}"
EndProject
Global
	GlobalSection(SolutionConfigurationPlatforms) = preSolution
		Debug|Any CPU = Debug|Any CPU
		Release|Any CPU = Release|Any CPU
	EndGlobalSection
	GlobalSection(ProjectConfigurationPlatforms) = postSolution
		{75BE738C-31AD-4064-A8BA-BEE84E738783}.Debug|Any CPU.ActiveCfg = Debug|Any CPU
		{75BE738C-31AD-4064-A8BA-BEE84E738783}.Debug|Any CPU.Build.0 = Debug|Any CPU
		{75BE738C-31AD-4064-A8BA-BEE84E738783}.Release|Any CPU.ActiveCfg = Release|Any CPU
		{75BE738C-31AD-4064-A8BA-BEE84E738783}.Release|Any CPU.Build.0 = Release|Any CPU
		{4D7F8515-EFA9-4721-935F-865F7FE21BA0}.Debug|Any CPU.ActiveCfg = Debug|Any CPU
		{4D7F8515-EFA9-4721-935F-865F7FE21BA0}.Debug|Any CPU.Build.0 = Debug|Any CPU
		{4D7F8515-EFA9-4721-935F-865F7FE21BA0}.Release|Any CPU.ActiveCfg = Release|Any CPU
		{4D7F8515-EFA9-4721-935F-865F7FE21BA0}.Release|Any CPU.Build.0 = Release|Any CPU
		{E9B8D10F-C5E8-42A5-B7D2-6934A3D8BCCD}.Debug|Any CPU.ActiveCfg = Debug|Any CPU
		{E9B8D10F-C5E8-42A5-B7D2-6934A3D8BCCD}.Debug|Any CPU.Build.0 = Debug|Any CPU
		{E9B8D10F-C5E8-42A5-B7D2-6934A3D8BCCD}.Release|Any CPU.ActiveCfg = Release|Any CPU
		{E9B8D10F-C5E8-42A5-B7D2-6934A3D8BCCD}.Release|Any CPU.Build.0 = Release|Any CPU
	EndGlobalSection
	GlobalSection(SolutionProperties) = preSolution
		HideSolutionNode = FALSE
	EndGlobalSection
	GlobalSection(NestedProjects) = preSolution
		{4D7F8515-EFA9-4721-935F-865F7FE21BA0} = {EA39CE7E-94A6-4253-B22F-B626FDAF8E9B}
		{E9B8D10F-C5E8-42A5-B7D2-6934A3D8BCCD} = {EA39CE7E-94A6-4253-B22F-B626FDAF8E9B}
	EndGlobalSection
	GlobalSection(ExtensibilityGlobals) = postSolution
		SolutionGuid = {6B5CA2A7-4DBC-4C57-B9DB-D434D36CE1FE}
	EndGlobalSection
EndGlobal
